PODS:
  - Alamofire (5.9.1)
  - GIMPayButtonIOS (1.0.2):
    - Alamofire
    - MOLH
    - PayCardsRecognizer
  - MOLH (1.4.3)
  - PayCardsRecognizer (1.1.7)

DEPENDENCIES:
  - GIMPayButtonIOS

SPEC REPOS:
  https://github.com/CocoaPods/Specs.git:
    - Alamofire
    - GIMPayButtonIOS
    - MOLH
    - PayCardsRecognizer

SPEC CHECKSUMS:
  Alamofire: f36a35757af4587d8e4f4bfa223ad10be2422b8c
  GIMPayButtonIOS: 92e921522424e8f5f2f44e6c9406abe532bf813b
  MOLH: e45827d200aeb1310641090fd8cd03ad2b42ae72
  PayCardsRecognizer: 2e4d1b2fdd5f1528fb56064a91e1d58a1af7a2db

PODFILE CHECKSUM: 1833e07f46b1e86d261bfccf38c81d89a1b34277

COCOAPODS: 1.15.2
